// !$*UTF8*$!
{
	archiveVersion = 1;
	classes = {
	};
	objectVersion = 51;
	objects = {

/* Begin PBXBuildFile section */
		14072F7F239A656A00E0560E /* AppDelegate.swift in Sources */ = {isa = PBXBuildFile; fileRef = 14072F7E239A656A00E0560E /* AppDelegate.swift */; };
		14072F81239A656A00E0560E /* SceneDelegate.swift in Sources */ = {isa = PBXBuildFile; fileRef = 14072F80239A656A00E0560E /* SceneDelegate.swift */; };
		14072F83239A656A00E0560E /* ContentView.swift in Sources */ = {isa = PBXBuildFile; fileRef = 14072F82239A656A00E0560E /* ContentView.swift */; };
		14072F85239A656B00E0560E /* Assets.xcassets in Resources */ = {isa = PBXBuildFile; fileRef = 14072F84239A656B00E0560E /* Assets.xcassets */; };
		14072F88239A656B00E0560E /* Preview Assets.xcassets in Resources */ = {isa = PBXBuildFile; fileRef = 14072F87239A656B00E0560E /* Preview Assets.xcassets */; };
		14072F8B239A656B00E0560E /* LaunchScreen.storyboard in Resources */ = {isa = PBXBuildFile; fileRef = 14072F89239A656B00E0560E /* LaunchScreen.storyboard */; };
		14072F96239A656B00E0560E /* TipserDevAppTests.swift in Sources */ = {isa = PBXBuildFile; fileRef = 14072F95239A656B00E0560E /* TipserDevAppTests.swift */; };
		14072FA1239A656B00E0560E /* TipserDevAppUITests.swift in Sources */ = {isa = PBXBuildFile; fileRef = 14072FA0239A656B00E0560E /* TipserDevAppUITests.swift */; };
		5CA4A34E956ED9F682FB0661 /* Pods_TipserDevApp.framework in Frameworks */ = {isa = PBXBuildFile; fileRef = 48F48DE51424287A38383845 /* Pods_TipserDevApp.framework */; };
		7CA87F401AF18496FF57E5FE /* Pods_TipserDevAppTests.framework in Frameworks */ = {isa = PBXBuildFile; fileRef = D98A9576870D752730BFA19D /* Pods_TipserDevAppTests.framework */; };
		B2BD80B21B2C0B28FA91BB19 /* Pods_TipserDevApp_TipserDevAppUITests.framework in Frameworks */ = {isa = PBXBuildFile; fileRef = 2FB88BD42506EBE47E76FEF2 /* Pods_TipserDevApp_TipserDevAppUITests.framework */; };
/* End PBXBuildFile section */

/* Begin PBXContainerItemProxy section */
		14072F92239A656B00E0560E /* PBXContainerItemProxy */ = {
			isa = PBXContainerItemProxy;
			containerPortal = 14072F73239A656A00E0560E /* Project object */;
			proxyType = 1;
			remoteGlobalIDString = 14072F7A239A656A00E0560E;
			remoteInfo = TipserDevApp;
		};
		14072F9D239A656B00E0560E /* PBXContainerItemProxy */ = {
			isa = PBXContainerItemProxy;
			containerPortal = 14072F73239A656A00E0560E /* Project object */;
			proxyType = 1;
			remoteGlobalIDString = 14072F7A239A656A00E0560E;
			remoteInfo = TipserDevApp;
		};
		E78B3300250626260090CC71 /* PBXContainerItemProxy */ = {
			isa = PBXContainerItemProxy;
			containerPortal = E78B32EB2502FDD50090CC71 /* TipserSDK.xcodeproj */;
			proxyType = 2;
			remoteGlobalIDString = 14072FB8239A65A000E0560E;
			remoteInfo = TipserSDK;
		};
		E78B3302250626260090CC71 /* PBXContainerItemProxy */ = {
			isa = PBXContainerItemProxy;
			containerPortal = E78B32EB2502FDD50090CC71 /* TipserSDK.xcodeproj */;
			proxyType = 2;
			remoteGlobalIDString = 14072FC1239A65A000E0560E;
			remoteInfo = TipserSDKTests;
		};
/* End PBXContainerItemProxy section */

/* Begin PBXCopyFilesBuildPhase section */
		E7B86AAB24FF6D4D00F8EA9D /* Embed Frameworks */ = {
			isa = PBXCopyFilesBuildPhase;
			buildActionMask = 2147483647;
			dstPath = "";
			dstSubfolderSpec = 10;
			files = (
			);
			name = "Embed Frameworks";
			runOnlyForDeploymentPostprocessing = 0;
		};
/* End PBXCopyFilesBuildPhase section */

/* Begin PBXFileReference section */
		14072F7B239A656A00E0560E /* TipserDevApp.app */ = {isa = PBXFileReference; explicitFileType = wrapper.application; includeInIndex = 0; path = TipserDevApp.app; sourceTree = BUILT_PRODUCTS_DIR; };
		14072F7E239A656A00E0560E /* AppDelegate.swift */ = {isa = PBXFileReference; lastKnownFileType = sourcecode.swift; path = AppDelegate.swift; sourceTree = "<group>"; };
		14072F80239A656A00E0560E /* SceneDelegate.swift */ = {isa = PBXFileReference; lastKnownFileType = sourcecode.swift; path = SceneDelegate.swift; sourceTree = "<group>"; };
		14072F82239A656A00E0560E /* ContentView.swift */ = {isa = PBXFileReference; lastKnownFileType = sourcecode.swift; path = ContentView.swift; sourceTree = "<group>"; };
		14072F84239A656B00E0560E /* Assets.xcassets */ = {isa = PBXFileReference; lastKnownFileType = folder.assetcatalog; path = Assets.xcassets; sourceTree = "<group>"; };
		14072F87239A656B00E0560E /* Preview Assets.xcassets */ = {isa = PBXFileReference; lastKnownFileType = folder.assetcatalog; path = "Preview Assets.xcassets"; sourceTree = "<group>"; };
		14072F8A239A656B00E0560E /* Base */ = {isa = PBXFileReference; lastKnownFileType = file.storyboard; name = Base; path = Base.lproj/LaunchScreen.storyboard; sourceTree = "<group>"; };
		14072F8C239A656B00E0560E /* Info.plist */ = {isa = PBXFileReference; lastKnownFileType = text.plist.xml; path = Info.plist; sourceTree = "<group>"; };
		14072F91239A656B00E0560E /* TipserDevAppTests.xctest */ = {isa = PBXFileReference; explicitFileType = wrapper.cfbundle; includeInIndex = 0; path = TipserDevAppTests.xctest; sourceTree = BUILT_PRODUCTS_DIR; };
		14072F95239A656B00E0560E /* TipserDevAppTests.swift */ = {isa = PBXFileReference; lastKnownFileType = sourcecode.swift; path = TipserDevAppTests.swift; sourceTree = "<group>"; };
		14072F97239A656B00E0560E /* Info.plist */ = {isa = PBXFileReference; lastKnownFileType = text.plist.xml; path = Info.plist; sourceTree = "<group>"; };
		14072F9C239A656B00E0560E /* TipserDevAppUITests.xctest */ = {isa = PBXFileReference; explicitFileType = wrapper.cfbundle; includeInIndex = 0; path = TipserDevAppUITests.xctest; sourceTree = BUILT_PRODUCTS_DIR; };
		14072FA0239A656B00E0560E /* TipserDevAppUITests.swift */ = {isa = PBXFileReference; lastKnownFileType = sourcecode.swift; path = TipserDevAppUITests.swift; sourceTree = "<group>"; };
		14072FA2239A656B00E0560E /* Info.plist */ = {isa = PBXFileReference; lastKnownFileType = text.plist.xml; path = Info.plist; sourceTree = "<group>"; };
		2FB2AB20ED28736B78249443 /* Pods-TipserDevApp-TipserDevAppUITests.release.xcconfig */ = {isa = PBXFileReference; includeInIndex = 1; lastKnownFileType = text.xcconfig; name = "Pods-TipserDevApp-TipserDevAppUITests.release.xcconfig"; path = "Target Support Files/Pods-TipserDevApp-TipserDevAppUITests/Pods-TipserDevApp-TipserDevAppUITests.release.xcconfig"; sourceTree = "<group>"; };
		2FB88BD42506EBE47E76FEF2 /* Pods_TipserDevApp_TipserDevAppUITests.framework */ = {isa = PBXFileReference; explicitFileType = wrapper.framework; includeInIndex = 0; path = Pods_TipserDevApp_TipserDevAppUITests.framework; sourceTree = BUILT_PRODUCTS_DIR; };
		309D52BD3FB5047C1FBF3232 /* Pods-TipserDevApp.debug.xcconfig */ = {isa = PBXFileReference; includeInIndex = 1; lastKnownFileType = text.xcconfig; name = "Pods-TipserDevApp.debug.xcconfig"; path = "Target Support Files/Pods-TipserDevApp/Pods-TipserDevApp.debug.xcconfig"; sourceTree = "<group>"; };
		30BD3B6B4CD56D975442C214 /* Pods-TipserDevAppTests.release.xcconfig */ = {isa = PBXFileReference; includeInIndex = 1; lastKnownFileType = text.xcconfig; name = "Pods-TipserDevAppTests.release.xcconfig"; path = "Target Support Files/Pods-TipserDevAppTests/Pods-TipserDevAppTests.release.xcconfig"; sourceTree = "<group>"; };
		31BAB17F33F56B39F97FDF45 /* Pods-TipserDevAppTests.debug.xcconfig */ = {isa = PBXFileReference; includeInIndex = 1; lastKnownFileType = text.xcconfig; name = "Pods-TipserDevAppTests.debug.xcconfig"; path = "Target Support Files/Pods-TipserDevAppTests/Pods-TipserDevAppTests.debug.xcconfig"; sourceTree = "<group>"; };
		48F48DE51424287A38383845 /* Pods_TipserDevApp.framework */ = {isa = PBXFileReference; explicitFileType = wrapper.framework; includeInIndex = 0; path = Pods_TipserDevApp.framework; sourceTree = BUILT_PRODUCTS_DIR; };
		514F2EF73EB03CC37C03A500 /* Pods-TipserDevApp.release.xcconfig */ = {isa = PBXFileReference; includeInIndex = 1; lastKnownFileType = text.xcconfig; name = "Pods-TipserDevApp.release.xcconfig"; path = "Target Support Files/Pods-TipserDevApp/Pods-TipserDevApp.release.xcconfig"; sourceTree = "<group>"; };
		53318B1F0D9590B815B1994D /* Pods-TipserDevApp-TipserDevAppUITests.debug.xcconfig */ = {isa = PBXFileReference; includeInIndex = 1; lastKnownFileType = text.xcconfig; name = "Pods-TipserDevApp-TipserDevAppUITests.debug.xcconfig"; path = "Target Support Files/Pods-TipserDevApp-TipserDevAppUITests/Pods-TipserDevApp-TipserDevAppUITests.debug.xcconfig"; sourceTree = "<group>"; };
		D98A9576870D752730BFA19D /* Pods_TipserDevAppTests.framework */ = {isa = PBXFileReference; explicitFileType = wrapper.framework; includeInIndex = 0; path = Pods_TipserDevAppTests.framework; sourceTree = BUILT_PRODUCTS_DIR; };
		E78B32EB2502FDD50090CC71 /* TipserSDK.xcodeproj */ = {isa = PBXFileReference; lastKnownFileType = "wrapper.pb-project"; name = TipserSDK.xcodeproj; path = ../TipserSDK/TipserSDK.xcodeproj; sourceTree = "<group>"; };
/* End PBXFileReference section */

/* Begin PBXFrameworksBuildPhase section */
		14072F78239A656A00E0560E /* Frameworks */ = {
			isa = PBXFrameworksBuildPhase;
			buildActionMask = 2147483647;
			files = (
				5CA4A34E956ED9F682FB0661 /* Pods_TipserDevApp.framework in Frameworks */,
			);
			runOnlyForDeploymentPostprocessing = 0;
		};
		14072F8E239A656B00E0560E /* Frameworks */ = {
			isa = PBXFrameworksBuildPhase;
			buildActionMask = 2147483647;
			files = (
				7CA87F401AF18496FF57E5FE /* Pods_TipserDevAppTests.framework in Frameworks */,
			);
			runOnlyForDeploymentPostprocessing = 0;
		};
		14072F99239A656B00E0560E /* Frameworks */ = {
			isa = PBXFrameworksBuildPhase;
			buildActionMask = 2147483647;
			files = (
				B2BD80B21B2C0B28FA91BB19 /* Pods_TipserDevApp_TipserDevAppUITests.framework in Frameworks */,
			);
			runOnlyForDeploymentPostprocessing = 0;
		};
/* End PBXFrameworksBuildPhase section */

/* Begin PBXGroup section */
		14072F72239A656A00E0560E = {
			isa = PBXGroup;
			children = (
				E78B32EB2502FDD50090CC71 /* TipserSDK.xcodeproj */,
				14072F7D239A656A00E0560E /* TipserDevApp */,
				14072F94239A656B00E0560E /* TipserDevAppTests */,
				14072F9F239A656B00E0560E /* TipserDevAppUITests */,
				14072F7C239A656A00E0560E /* Products */,
				14072FE1239A7BCE00E0560E /* Frameworks */,
				C0E7F6230DBB4F3AA924EFD2 /* Pods */,
			);
			sourceTree = "<group>";
		};
		14072F7C239A656A00E0560E /* Products */ = {
			isa = PBXGroup;
			children = (
				14072F7B239A656A00E0560E /* TipserDevApp.app */,
				14072F91239A656B00E0560E /* TipserDevAppTests.xctest */,
				14072F9C239A656B00E0560E /* TipserDevAppUITests.xctest */,
			);
			name = Products;
			sourceTree = "<group>";
		};
		14072F7D239A656A00E0560E /* TipserDevApp */ = {
			isa = PBXGroup;
			children = (
				14072F7E239A656A00E0560E /* AppDelegate.swift */,
				14072F80239A656A00E0560E /* SceneDelegate.swift */,
				14072F82239A656A00E0560E /* ContentView.swift */,
				14072F84239A656B00E0560E /* Assets.xcassets */,
				14072F89239A656B00E0560E /* LaunchScreen.storyboard */,
				14072F8C239A656B00E0560E /* Info.plist */,
				14072F86239A656B00E0560E /* Preview Content */,
			);
			path = TipserDevApp;
			sourceTree = "<group>";
		};
		14072F86239A656B00E0560E /* Preview Content */ = {
			isa = PBXGroup;
			children = (
				14072F87239A656B00E0560E /* Preview Assets.xcassets */,
			);
			path = "Preview Content";
			sourceTree = "<group>";
		};
		14072F94239A656B00E0560E /* TipserDevAppTests */ = {
			isa = PBXGroup;
			children = (
				14072F95239A656B00E0560E /* TipserDevAppTests.swift */,
				14072F97239A656B00E0560E /* Info.plist */,
			);
			path = TipserDevAppTests;
			sourceTree = "<group>";
		};
		14072F9F239A656B00E0560E /* TipserDevAppUITests */ = {
			isa = PBXGroup;
			children = (
				14072FA0239A656B00E0560E /* TipserDevAppUITests.swift */,
				14072FA2239A656B00E0560E /* Info.plist */,
			);
			path = TipserDevAppUITests;
			sourceTree = "<group>";
		};
		14072FE1239A7BCE00E0560E /* Frameworks */ = {
			isa = PBXGroup;
			children = (
				48F48DE51424287A38383845 /* Pods_TipserDevApp.framework */,
				2FB88BD42506EBE47E76FEF2 /* Pods_TipserDevApp_TipserDevAppUITests.framework */,
				D98A9576870D752730BFA19D /* Pods_TipserDevAppTests.framework */,
			);
			name = Frameworks;
			sourceTree = "<group>";
		};
		C0E7F6230DBB4F3AA924EFD2 /* Pods */ = {
			isa = PBXGroup;
			children = (
				309D52BD3FB5047C1FBF3232 /* Pods-TipserDevApp.debug.xcconfig */,
				514F2EF73EB03CC37C03A500 /* Pods-TipserDevApp.release.xcconfig */,
				53318B1F0D9590B815B1994D /* Pods-TipserDevApp-TipserDevAppUITests.debug.xcconfig */,
				2FB2AB20ED28736B78249443 /* Pods-TipserDevApp-TipserDevAppUITests.release.xcconfig */,
				31BAB17F33F56B39F97FDF45 /* Pods-TipserDevAppTests.debug.xcconfig */,
				30BD3B6B4CD56D975442C214 /* Pods-TipserDevAppTests.release.xcconfig */,
			);
			path = Pods;
			sourceTree = "<group>";
		};
		E78B32FC250626260090CC71 /* Products */ = {
			isa = PBXGroup;
			children = (
				E78B3301250626260090CC71 /* TipserSDK.framework */,
				E78B3303250626260090CC71 /* TipserSDKTests.xctest */,
			);
			name = Products;
			sourceTree = "<group>";
		};
/* End PBXGroup section */

/* Begin PBXNativeTarget section */
		14072F7A239A656A00E0560E /* TipserDevApp */ = {
			isa = PBXNativeTarget;
			buildConfigurationList = 14072FA5239A656B00E0560E /* Build configuration list for PBXNativeTarget "TipserDevApp" */;
			buildPhases = (
				5A5A6453DAD9AEF06530534B /* [CP] Check Pods Manifest.lock */,
				14072F77239A656A00E0560E /* Sources */,
				14072F78239A656A00E0560E /* Frameworks */,
				14072F79239A656A00E0560E /* Resources */,
				E7B86AAB24FF6D4D00F8EA9D /* Embed Frameworks */,
				2DC17D27B3164B7266DD13D6 /* [CP] Embed Pods Frameworks */,
			);
			buildRules = (
			);
			dependencies = (
			);
			name = TipserDevApp;
			productName = TipserDevApp;
			productReference = 14072F7B239A656A00E0560E /* TipserDevApp.app */;
			productType = "com.apple.product-type.application";
		};
		14072F90239A656B00E0560E /* TipserDevAppTests */ = {
			isa = PBXNativeTarget;
			buildConfigurationList = 14072FA8239A656B00E0560E /* Build configuration list for PBXNativeTarget "TipserDevAppTests" */;
			buildPhases = (
				C2D1A589153F9CA79642BF69 /* [CP] Check Pods Manifest.lock */,
				14072F8D239A656B00E0560E /* Sources */,
				14072F8E239A656B00E0560E /* Frameworks */,
				14072F8F239A656B00E0560E /* Resources */,
			);
			buildRules = (
			);
			dependencies = (
				14072F93239A656B00E0560E /* PBXTargetDependency */,
			);
			name = TipserDevAppTests;
			productName = TipserDevAppTests;
			productReference = 14072F91239A656B00E0560E /* TipserDevAppTests.xctest */;
			productType = "com.apple.product-type.bundle.unit-test";
		};
		14072F9B239A656B00E0560E /* TipserDevAppUITests */ = {
			isa = PBXNativeTarget;
			buildConfigurationList = 14072FAB239A656B00E0560E /* Build configuration list for PBXNativeTarget "TipserDevAppUITests" */;
			buildPhases = (
				1B8E5866AAB8F269DE7EECBC /* [CP] Check Pods Manifest.lock */,
				14072F98239A656B00E0560E /* Sources */,
				14072F99239A656B00E0560E /* Frameworks */,
				14072F9A239A656B00E0560E /* Resources */,
				2110EA3FB0D4C7A5A613FEF4 /* [CP] Embed Pods Frameworks */,
			);
			buildRules = (
			);
			dependencies = (
				14072F9E239A656B00E0560E /* PBXTargetDependency */,
			);
			name = TipserDevAppUITests;
			productName = TipserDevAppUITests;
			productReference = 14072F9C239A656B00E0560E /* TipserDevAppUITests.xctest */;
			productType = "com.apple.product-type.bundle.ui-testing";
		};
/* End PBXNativeTarget section */

/* Begin PBXProject section */
		14072F73239A656A00E0560E /* Project object */ = {
			isa = PBXProject;
			attributes = {
				LastSwiftUpdateCheck = 1120;
				LastUpgradeCheck = 1120;
				ORGANIZATIONNAME = Tipser;
				TargetAttributes = {
					14072F7A239A656A00E0560E = {
						CreatedOnToolsVersion = 11.2.1;
					};
					14072F90239A656B00E0560E = {
						CreatedOnToolsVersion = 11.2.1;
						TestTargetID = 14072F7A239A656A00E0560E;
					};
					14072F9B239A656B00E0560E = {
						CreatedOnToolsVersion = 11.2.1;
						TestTargetID = 14072F7A239A656A00E0560E;
					};
				};
			};
			buildConfigurationList = 14072F76239A656A00E0560E /* Build configuration list for PBXProject "TipserDevApp" */;
			compatibilityVersion = "Xcode 9.3";
			developmentRegion = en;
			hasScannedForEncodings = 0;
			knownRegions = (
				en,
				Base,
			);
			mainGroup = 14072F72239A656A00E0560E;
			productRefGroup = 14072F7C239A656A00E0560E /* Products */;
			projectDirPath = "";
			projectReferences = (
				{
					ProductGroup = E78B32FC250626260090CC71 /* Products */;
					ProjectRef = E78B32EB2502FDD50090CC71 /* TipserSDK.xcodeproj */;
				},
			);
			projectRoot = "";
			targets = (
				14072F7A239A656A00E0560E /* TipserDevApp */,
				14072F90239A656B00E0560E /* TipserDevAppTests */,
				14072F9B239A656B00E0560E /* TipserDevAppUITests */,
			);
		};
/* End PBXProject section */

/* Begin PBXReferenceProxy section */
		E78B3301250626260090CC71 /* TipserSDK.framework */ = {
			isa = PBXReferenceProxy;
			fileType = wrapper.framework;
			path = TipserSDK.framework;
			remoteRef = E78B3300250626260090CC71 /* PBXContainerItemProxy */;
			sourceTree = BUILT_PRODUCTS_DIR;
		};
		E78B3303250626260090CC71 /* TipserSDKTests.xctest */ = {
			isa = PBXReferenceProxy;
			fileType = wrapper.cfbundle;
			path = TipserSDKTests.xctest;
			remoteRef = E78B3302250626260090CC71 /* PBXContainerItemProxy */;
			sourceTree = BUILT_PRODUCTS_DIR;
		};
/* End PBXReferenceProxy section */

/* Begin PBXResourcesBuildPhase section */
		14072F79239A656A00E0560E /* Resources */ = {
			isa = PBXResourcesBuildPhase;
			buildActionMask = 2147483647;
			files = (
				14072F8B239A656B00E0560E /* LaunchScreen.storyboard in Resources */,
				14072F88239A656B00E0560E /* Preview Assets.xcassets in Resources */,
				14072F85239A656B00E0560E /* Assets.xcassets in Resources */,
			);
			runOnlyForDeploymentPostprocessing = 0;
		};
		14072F8F239A656B00E0560E /* Resources */ = {
			isa = PBXResourcesBuildPhase;
			buildActionMask = 2147483647;
			files = (
			);
			runOnlyForDeploymentPostprocessing = 0;
		};
		14072F9A239A656B00E0560E /* Resources */ = {
			isa = PBXResourcesBuildPhase;
			buildActionMask = 2147483647;
			files = (
			);
			runOnlyForDeploymentPostprocessing = 0;
		};
/* End PBXResourcesBuildPhase section */

/* Begin PBXShellScriptBuildPhase section */
		1B8E5866AAB8F269DE7EECBC /* [CP] Check Pods Manifest.lock */ = {
			isa = PBXShellScriptBuildPhase;
			buildActionMask = 2147483647;
			files = (
			);
			inputFileListPaths = (
			);
			inputPaths = (
				"${PODS_PODFILE_DIR_PATH}/Podfile.lock",
				"${PODS_ROOT}/Manifest.lock",
			);
			name = "[CP] Check Pods Manifest.lock";
			outputFileListPaths = (
			);
			outputPaths = (
				"$(DERIVED_FILE_DIR)/Pods-TipserDevApp-TipserDevAppUITests-checkManifestLockResult.txt",
			);
			runOnlyForDeploymentPostprocessing = 0;
			shellPath = /bin/sh;
			shellScript = "diff \"${PODS_PODFILE_DIR_PATH}/Podfile.lock\" \"${PODS_ROOT}/Manifest.lock\" > /dev/null\nif [ $? != 0 ] ; then\n    # print error to STDERR\n    echo \"error: The sandbox is not in sync with the Podfile.lock. Run 'pod install' or update your CocoaPods installation.\" >&2\n    exit 1\nfi\n# This output is used by Xcode 'outputs' to avoid re-running this script phase.\necho \"SUCCESS\" > \"${SCRIPT_OUTPUT_FILE_0}\"\n";
			showEnvVarsInLog = 0;
		};
		2110EA3FB0D4C7A5A613FEF4 /* [CP] Embed Pods Frameworks */ = {
			isa = PBXShellScriptBuildPhase;
			buildActionMask = 2147483647;
			files = (
			);
			inputFileListPaths = (
				"${PODS_ROOT}/Target Support Files/Pods-TipserDevApp-TipserDevAppUITests/Pods-TipserDevApp-TipserDevAppUITests-frameworks-${CONFIGURATION}-input-files.xcfilelist",
			);
			name = "[CP] Embed Pods Frameworks";
			outputFileListPaths = (
				"${PODS_ROOT}/Target Support Files/Pods-TipserDevApp-TipserDevAppUITests/Pods-TipserDevApp-TipserDevAppUITests-frameworks-${CONFIGURATION}-output-files.xcfilelist",
			);
			runOnlyForDeploymentPostprocessing = 0;
			shellPath = /bin/sh;
			shellScript = "\"${PODS_ROOT}/Target Support Files/Pods-TipserDevApp-TipserDevAppUITests/Pods-TipserDevApp-TipserDevAppUITests-frameworks.sh\"\n";
			showEnvVarsInLog = 0;
		};
		2DC17D27B3164B7266DD13D6 /* [CP] Embed Pods Frameworks */ = {
			isa = PBXShellScriptBuildPhase;
			buildActionMask = 2147483647;
			files = (
			);
			inputFileListPaths = (
				"${PODS_ROOT}/Target Support Files/Pods-TipserDevApp/Pods-TipserDevApp-frameworks-${CONFIGURATION}-input-files.xcfilelist",
			);
			name = "[CP] Embed Pods Frameworks";
			outputFileListPaths = (
				"${PODS_ROOT}/Target Support Files/Pods-TipserDevApp/Pods-TipserDevApp-frameworks-${CONFIGURATION}-output-files.xcfilelist",
			);
			runOnlyForDeploymentPostprocessing = 0;
			shellPath = /bin/sh;
			shellScript = "\"${PODS_ROOT}/Target Support Files/Pods-TipserDevApp/Pods-TipserDevApp-frameworks.sh\"\n";
			showEnvVarsInLog = 0;
		};
		5A5A6453DAD9AEF06530534B /* [CP] Check Pods Manifest.lock */ = {
			isa = PBXShellScriptBuildPhase;
			buildActionMask = 2147483647;
			files = (
			);
			inputFileListPaths = (
			);
			inputPaths = (
				"${PODS_PODFILE_DIR_PATH}/Podfile.lock",
				"${PODS_ROOT}/Manifest.lock",
			);
			name = "[CP] Check Pods Manifest.lock";
			outputFileListPaths = (
			);
			outputPaths = (
				"$(DERIVED_FILE_DIR)/Pods-TipserDevApp-checkManifestLockResult.txt",
			);
			runOnlyForDeploymentPostprocessing = 0;
			shellPath = /bin/sh;
			shellScript = "diff \"${PODS_PODFILE_DIR_PATH}/Podfile.lock\" \"${PODS_ROOT}/Manifest.lock\" > /dev/null\nif [ $? != 0 ] ; then\n    # print error to STDERR\n    echo \"error: The sandbox is not in sync with the Podfile.lock. Run 'pod install' or update your CocoaPods installation.\" >&2\n    exit 1\nfi\n# This output is used by Xcode 'outputs' to avoid re-running this script phase.\necho \"SUCCESS\" > \"${SCRIPT_OUTPUT_FILE_0}\"\n";
			showEnvVarsInLog = 0;
		};
		C2D1A589153F9CA79642BF69 /* [CP] Check Pods Manifest.lock */ = {
			isa = PBXShellScriptBuildPhase;
			buildActionMask = 2147483647;
			files = (
			);
			inputFileListPaths = (
			);
			inputPaths = (
				"${PODS_PODFILE_DIR_PATH}/Podfile.lock",
				"${PODS_ROOT}/Manifest.lock",
			);
			name = "[CP] Check Pods Manifest.lock";
			outputFileListPaths = (
			);
			outputPaths = (
				"$(DERIVED_FILE_DIR)/Pods-TipserDevAppTests-checkManifestLockResult.txt",
			);
			runOnlyForDeploymentPostprocessing = 0;
			shellPath = /bin/sh;
			shellScript = "diff \"${PODS_PODFILE_DIR_PATH}/Podfile.lock\" \"${PODS_ROOT}/Manifest.lock\" > /dev/null\nif [ $? != 0 ] ; then\n    # print error to STDERR\n    echo \"error: The sandbox is not in sync with the Podfile.lock. Run 'pod install' or update your CocoaPods installation.\" >&2\n    exit 1\nfi\n# This output is used by Xcode 'outputs' to avoid re-running this script phase.\necho \"SUCCESS\" > \"${SCRIPT_OUTPUT_FILE_0}\"\n";
			showEnvVarsInLog = 0;
		};
/* End PBXShellScriptBuildPhase section */

/* Begin PBXSourcesBuildPhase section */
		14072F77239A656A00E0560E /* Sources */ = {
			isa = PBXSourcesBuildPhase;
			buildActionMask = 2147483647;
			files = (
				14072F7F239A656A00E0560E /* AppDelegate.swift in Sources */,
				14072F81239A656A00E0560E /* SceneDelegate.swift in Sources */,
				14072F83239A656A00E0560E /* ContentView.swift in Sources */,
			);
			runOnlyForDeploymentPostprocessing = 0;
		};
		14072F8D239A656B00E0560E /* Sources */ = {
			isa = PBXSourcesBuildPhase;
			buildActionMask = 2147483647;
			files = (
				14072F96239A656B00E0560E /* TipserDevAppTests.swift in Sources */,
			);
			runOnlyForDeploymentPostprocessing = 0;
		};
		14072F98239A656B00E0560E /* Sources */ = {
			isa = PBXSourcesBuildPhase;
			buildActionMask = 2147483647;
			files = (
				14072FA1239A656B00E0560E /* TipserDevAppUITests.swift in Sources */,
			);
			runOnlyForDeploymentPostprocessing = 0;
		};
/* End PBXSourcesBuildPhase section */

/* Begin PBXTargetDependency section */
		14072F93239A656B00E0560E /* PBXTargetDependency */ = {
			isa = PBXTargetDependency;
			target = 14072F7A239A656A00E0560E /* TipserDevApp */;
			targetProxy = 14072F92239A656B00E0560E /* PBXContainerItemProxy */;
		};
		14072F9E239A656B00E0560E /* PBXTargetDependency */ = {
			isa = PBXTargetDependency;
			target = 14072F7A239A656A00E0560E /* TipserDevApp */;
			targetProxy = 14072F9D239A656B00E0560E /* PBXContainerItemProxy */;
		};
/* End PBXTargetDependency section */

/* Begin PBXVariantGroup section */
		14072F89239A656B00E0560E /* LaunchScreen.storyboard */ = {
			isa = PBXVariantGroup;
			children = (
				14072F8A239A656B00E0560E /* Base */,
			);
			name = LaunchScreen.storyboard;
			sourceTree = "<group>";
		};
/* End PBXVariantGroup section */

/* Begin XCBuildConfiguration section */
		14072FA3239A656B00E0560E /* Debug */ = {
			isa = XCBuildConfiguration;
			buildSettings = {
				ALWAYS_SEARCH_USER_PATHS = NO;
				CLANG_ANALYZER_NONNULL = YES;
				CLANG_ANALYZER_NUMBER_OBJECT_CONVERSION = YES_AGGRESSIVE;
				CLANG_CXX_LANGUAGE_STANDARD = "gnu++14";
				CLANG_CXX_LIBRARY = "libc++";
				CLANG_ENABLE_MODULES = YES;
				CLANG_ENABLE_OBJC_ARC = YES;
				CLANG_ENABLE_OBJC_WEAK = YES;
				CLANG_WARN_BLOCK_CAPTURE_AUTORELEASING = YES;
				CLANG_WARN_BOOL_CONVERSION = YES;
				CLANG_WARN_COMMA = YES;
				CLANG_WARN_CONSTANT_CONVERSION = YES;
				CLANG_WARN_DEPRECATED_OBJC_IMPLEMENTATIONS = YES;
				CLANG_WARN_DIRECT_OBJC_ISA_USAGE = YES_ERROR;
				CLANG_WARN_DOCUMENTATION_COMMENTS = YES;
				CLANG_WARN_EMPTY_BODY = YES;
				CLANG_WARN_ENUM_CONVERSION = YES;
				CLANG_WARN_INFINITE_RECURSION = YES;
				CLANG_WARN_INT_CONVERSION = YES;
				CLANG_WARN_NON_LITERAL_NULL_CONVERSION = YES;
				CLANG_WARN_OBJC_IMPLICIT_RETAIN_SELF = YES;
				CLANG_WARN_OBJC_LITERAL_CONVERSION = YES;
				CLANG_WARN_OBJC_ROOT_CLASS = YES_ERROR;
				CLANG_WARN_RANGE_LOOP_ANALYSIS = YES;
				CLANG_WARN_STRICT_PROTOTYPES = YES;
				CLANG_WARN_SUSPICIOUS_MOVE = YES;
				CLANG_WARN_UNGUARDED_AVAILABILITY = YES_AGGRESSIVE;
				CLANG_WARN_UNREACHABLE_CODE = YES;
				CLANG_WARN__DUPLICATE_METHOD_MATCH = YES;
				COPY_PHASE_STRIP = NO;
				DEBUG_INFORMATION_FORMAT = dwarf;
				ENABLE_STRICT_OBJC_MSGSEND = YES;
				ENABLE_TESTABILITY = YES;
				GCC_C_LANGUAGE_STANDARD = gnu11;
				GCC_DYNAMIC_NO_PIC = NO;
				GCC_NO_COMMON_BLOCKS = YES;
				GCC_OPTIMIZATION_LEVEL = 0;
				GCC_PREPROCESSOR_DEFINITIONS = (
					"DEBUG=1",
					"$(inherited)",
				);
				GCC_WARN_64_TO_32_BIT_CONVERSION = YES;
				GCC_WARN_ABOUT_RETURN_TYPE = YES_ERROR;
				GCC_WARN_UNDECLARED_SELECTOR = YES;
				GCC_WARN_UNINITIALIZED_AUTOS = YES_AGGRESSIVE;
				GCC_WARN_UNUSED_FUNCTION = YES;
				GCC_WARN_UNUSED_VARIABLE = YES;
				IPHONEOS_DEPLOYMENT_TARGET = 13.2;
				MTL_ENABLE_DEBUG_INFO = INCLUDE_SOURCE;
				MTL_FAST_MATH = YES;
				ONLY_ACTIVE_ARCH = YES;
				SDKROOT = iphoneos;
				SWIFT_ACTIVE_COMPILATION_CONDITIONS = DEBUG;
				SWIFT_OPTIMIZATION_LEVEL = "-Onone";
			};
			name = Debug;
		};
		14072FA4239A656B00E0560E /* Release */ = {
			isa = XCBuildConfiguration;
			buildSettings = {
				ALWAYS_SEARCH_USER_PATHS = NO;
				CLANG_ANALYZER_NONNULL = YES;
				CLANG_ANALYZER_NUMBER_OBJECT_CONVERSION = YES_AGGRESSIVE;
				CLANG_CXX_LANGUAGE_STANDARD = "gnu++14";
				CLANG_CXX_LIBRARY = "libc++";
				CLANG_ENABLE_MODULES = YES;
				CLANG_ENABLE_OBJC_ARC = YES;
				CLANG_ENABLE_OBJC_WEAK = YES;
				CLANG_WARN_BLOCK_CAPTURE_AUTORELEASING = YES;
				CLANG_WARN_BOOL_CONVERSION = YES;
				CLANG_WARN_COMMA = YES;
				CLANG_WARN_CONSTANT_CONVERSION = YES;
				CLANG_WARN_DEPRECATED_OBJC_IMPLEMENTATIONS = YES;
				CLANG_WARN_DIRECT_OBJC_ISA_USAGE = YES_ERROR;
				CLANG_WARN_DOCUMENTATION_COMMENTS = YES;
				CLANG_WARN_EMPTY_BODY = YES;
				CLANG_WARN_ENUM_CONVERSION = YES;
				CLANG_WARN_INFINITE_RECURSION = YES;
				CLANG_WARN_INT_CONVERSION = YES;
				CLANG_WARN_NON_LITERAL_NULL_CONVERSION = YES;
				CLANG_WARN_OBJC_IMPLICIT_RETAIN_SELF = YES;
				CLANG_WARN_OBJC_LITERAL_CONVERSION = YES;
				CLANG_WARN_OBJC_ROOT_CLASS = YES_ERROR;
				CLANG_WARN_RANGE_LOOP_ANALYSIS = YES;
				CLANG_WARN_STRICT_PROTOTYPES = YES;
				CLANG_WARN_SUSPICIOUS_MOVE = YES;
				CLANG_WARN_UNGUARDED_AVAILABILITY = YES_AGGRESSIVE;
				CLANG_WARN_UNREACHABLE_CODE = YES;
				CLANG_WARN__DUPLICATE_METHOD_MATCH = YES;
				COPY_PHASE_STRIP = NO;
				DEBUG_INFORMATION_FORMAT = "dwarf-with-dsym";
				ENABLE_NS_ASSERTIONS = NO;
				ENABLE_STRICT_OBJC_MSGSEND = YES;
				GCC_C_LANGUAGE_STANDARD = gnu11;
				GCC_NO_COMMON_BLOCKS = YES;
				GCC_WARN_64_TO_32_BIT_CONVERSION = YES;
				GCC_WARN_ABOUT_RETURN_TYPE = YES_ERROR;
				GCC_WARN_UNDECLARED_SELECTOR = YES;
				GCC_WARN_UNINITIALIZED_AUTOS = YES_AGGRESSIVE;
				GCC_WARN_UNUSED_FUNCTION = YES;
				GCC_WARN_UNUSED_VARIABLE = YES;
				IPHONEOS_DEPLOYMENT_TARGET = 13.2;
				MTL_ENABLE_DEBUG_INFO = NO;
				MTL_FAST_MATH = YES;
				SDKROOT = iphoneos;
				SWIFT_COMPILATION_MODE = wholemodule;
				SWIFT_OPTIMIZATION_LEVEL = "-O";
				VALIDATE_PRODUCT = YES;
			};
			name = Release;
		};
		14072FA6239A656B00E0560E /* Debug */ = {
			isa = XCBuildConfiguration;
			baseConfigurationReference = 309D52BD3FB5047C1FBF3232 /* Pods-TipserDevApp.debug.xcconfig */;
			buildSettings = {
				ASSETCATALOG_COMPILER_APPICON_NAME = AppIcon;
				CODE_SIGN_STYLE = Automatic;
				DEVELOPMENT_ASSET_PATHS = "\"TipserDevApp/Preview Content\"";
				DEVELOPMENT_TEAM = PVNG3Q3BCZ;
				ENABLE_PREVIEWS = YES;
				INFOPLIST_FILE = TipserDevApp/Info.plist;
				IPHONEOS_DEPLOYMENT_TARGET = 13.1;
				LD_RUNPATH_SEARCH_PATHS = (
					"$(inherited)",
					"@executable_path/Frameworks",
				);
				PRODUCT_BUNDLE_IDENTIFIER = tipser.TipserDevApp;
				PRODUCT_NAME = "$(TARGET_NAME)";
				SWIFT_VERSION = 5.0;
				TARGETED_DEVICE_FAMILY = "1,2";
			};
			name = Debug;
		};
		14072FA7239A656B00E0560E /* Release */ = {
			isa = XCBuildConfiguration;
			baseConfigurationReference = 514F2EF73EB03CC37C03A500 /* Pods-TipserDevApp.release.xcconfig */;
			buildSettings = {
				ASSETCATALOG_COMPILER_APPICON_NAME = AppIcon;
				CODE_SIGN_STYLE = Automatic;
				DEVELOPMENT_ASSET_PATHS = "\"TipserDevApp/Preview Content\"";
				DEVELOPMENT_TEAM = PVNG3Q3BCZ;
				ENABLE_PREVIEWS = YES;
				INFOPLIST_FILE = TipserDevApp/Info.plist;
				IPHONEOS_DEPLOYMENT_TARGET = 13.1;
				LD_RUNPATH_SEARCH_PATHS = (
					"$(inherited)",
					"@executable_path/Frameworks",
				);
				PRODUCT_BUNDLE_IDENTIFIER = tipser.TipserDevApp;
				PRODUCT_NAME = "$(TARGET_NAME)";
				SWIFT_VERSION = 5.0;
				TARGETED_DEVICE_FAMILY = "1,2";
			};
			name = Release;
		};
		14072FA9239A656B00E0560E /* Debug */ = {
			isa = XCBuildConfiguration;
			baseConfigurationReference = 31BAB17F33F56B39F97FDF45 /* Pods-TipserDevAppTests.debug.xcconfig */;
			buildSettings = {
				ALWAYS_EMBED_SWIFT_STANDARD_LIBRARIES = YES;
				BUNDLE_LOADER = "$(TEST_HOST)";
				CODE_SIGN_STYLE = Automatic;
				INFOPLIST_FILE = TipserDevAppTests/Info.plist;
				IPHONEOS_DEPLOYMENT_TARGET = 13.2;
				LD_RUNPATH_SEARCH_PATHS = (
					"$(inherited)",
					"@executable_path/Frameworks",
					"@loader_path/Frameworks",
				);
				PRODUCT_BUNDLE_IDENTIFIER = tipser.TipserDevAppTests;
				PRODUCT_NAME = "$(TARGET_NAME)";
				SWIFT_VERSION = 5.0;
				TARGETED_DEVICE_FAMILY = "1,2";
				TEST_HOST = "$(BUILT_PRODUCTS_DIR)/TipserDevApp.app/TipserDevApp";
			};
			name = Debug;
		};
		14072FAA239A656B00E0560E /* Release */ = {
			isa = XCBuildConfiguration;
			baseConfigurationReference = 30BD3B6B4CD56D975442C214 /* Pods-TipserDevAppTests.release.xcconfig */;
			buildSettings = {
				ALWAYS_EMBED_SWIFT_STANDARD_LIBRARIES = YES;
				BUNDLE_LOADER = "$(TEST_HOST)";
				CODE_SIGN_STYLE = Automatic;
				INFOPLIST_FILE = TipserDevAppTests/Info.plist;
				IPHONEOS_DEPLOYMENT_TARGET = 13.2;
				LD_RUNPATH_SEARCH_PATHS = (
					"$(inherited)",
					"@executable_path/Frameworks",
					"@loader_path/Frameworks",
				);
				PRODUCT_BUNDLE_IDENTIFIER = tipser.TipserDevAppTests;
				PRODUCT_NAME = "$(TARGET_NAME)";
				SWIFT_VERSION = 5.0;
				TARGETED_DEVICE_FAMILY = "1,2";
				TEST_HOST = "$(BUILT_PRODUCTS_DIR)/TipserDevApp.app/TipserDevApp";
			};
			name = Release;
		};
		14072FAC239A656B00E0560E /* Debug */ = {
			isa = XCBuildConfiguration;
			baseConfigurationReference = 53318B1F0D9590B815B1994D /* Pods-TipserDevApp-TipserDevAppUITests.debug.xcconfig */;
			buildSettings = {
				ALWAYS_EMBED_SWIFT_STANDARD_LIBRARIES = YES;
				CODE_SIGN_STYLE = Automatic;
				INFOPLIST_FILE = TipserDevAppUITests/Info.plist;
				LD_RUNPATH_SEARCH_PATHS = (
					"$(inherited)",
					"@executable_path/Frameworks",
					"@loader_path/Frameworks",
				);
				PRODUCT_BUNDLE_IDENTIFIER = tipser.TipserDevAppUITests;
				PRODUCT_NAME = "$(TARGET_NAME)";
				SWIFT_VERSION = 5.0;
				TARGETED_DEVICE_FAMILY = "1,2";
				TEST_TARGET_NAME = TipserDevApp;
			};
			name = Debug;
		};
		14072FAD239A656B00E0560E /* Release */ = {
			isa = XCBuildConfiguration;
			baseConfigurationReference = 2FB2AB20ED28736B78249443 /* Pods-TipserDevApp-TipserDevAppUITests.release.xcconfig */;
			buildSettings = {
				ALWAYS_EMBED_SWIFT_STANDARD_LIBRARIES = YES;
				CODE_SIGN_STYLE = Automatic;
				INFOPLIST_FILE = TipserDevAppUITests/Info.plist;
				LD_RUNPATH_SEARCH_PATHS = (
					"$(inherited)",
					"@executable_path/Frameworks",
					"@loader_path/Frameworks",
				);
				PRODUCT_BUNDLE_IDENTIFIER = tipser.TipserDevAppUITests;
				PRODUCT_NAME = "$(TARGET_NAME)";
				SWIFT_VERSION = 5.0;
				TARGETED_DEVICE_FAMILY = "1,2";
				TEST_TARGET_NAME = TipserDevApp;
			};
			name = Release;
		};
/* End XCBuildConfiguration section */

/* Begin XCConfigurationList section */
		14072F76239A656A00E0560E /* Build configuration list for PBXProject "TipserDevApp" */ = {
			isa = XCConfigurationList;
			buildConfigurations = (
				14072FA3239A656B00E0560E /* Debug */,
				14072FA4239A656B00E0560E /* Release */,
			);
			defaultConfigurationIsVisible = 0;
			defaultConfigurationName = Release;
		};
		14072FA5239A656B00E0560E /* Build configuration list for PBXNativeTarget "TipserDevApp" */ = {
			isa = XCConfigurationList;
			buildConfigurations = (
				14072FA6239A656B00E0560E /* Debug */,
				14072FA7239A656B00E0560E /* Release */,
			);
			defaultConfigurationIsVisible = 0;
			defaultConfigurationName = Release;
		};
		14072FA8239A656B00E0560E /* Build configuration list for PBXNativeTarget "TipserDevAppTests" */ = {
			isa = XCConfigurationList;
			buildConfigurations = (
				14072FA9239A656B00E0560E /* Debug */,
				14072FAA239A656B00E0560E /* Release */,
			);
			defaultConfigurationIsVisible = 0;
			defaultConfigurationName = Release;
		};
		14072FAB239A656B00E0560E /* Build configuration list for PBXNativeTarget "TipserDevAppUITests" */ = {
			isa = XCConfigurationList;
			buildConfigurations = (
				14072FAC239A656B00E0560E /* Debug */,
				14072FAD239A656B00E0560E /* Release */,
			);
			defaultConfigurationIsVisible = 0;
			defaultConfigurationName = Release;
		};
/* End XCConfigurationList section */
	};
	rootObject = 14072F73239A656A00E0560E /* Project object */;
}
